{
  "name": "ai-video-fact-check",
  "version": "0.0.1",
  "lockfileVersion": 3,
  "requires": true,
  "packages": {
    "": {
      "name": "ai-video-fact-check",
      "version": "0.0.1",
      "license": "GPL-2.0-or-later",
      "workspaces": [
        "extension",
        "shared"
      ],
      "engines": {
        "node": ">=20"
      }
    },
    "backend": {
      "name": "@ai-video-fact-check/backend",
      "version": "0.0.1",
      "extraneous": true,
      "dependencies": {
        "@ai-video-fact-check/shared": "0.0.1",
        "fastify": "^5.2.0"
      },
      "devDependencies": {
        "@types/node": "^22.10.0",
        "tsx": "^4.19.0",
        "typescript": "^5.8.0"
      }
    },
    "extension": {
      "name": "@ai-video-fact-check/extension",
      "version": "0.0.1"
    },
    "node_modules/@ai-video-fact-check/extension": {
      "resolved": "extension",
      "link": true
    },
    "node_modules/@ai-video-fact-check/shared": {
      "resolved": "shared",
      "link": true
    },
    "node_modules/typescript": {
      "version": "5.9.3",
      "resolved": "https://registry.npmjs.org/typescript/-/typescript-5.9.3.tgz",
      "integrity": "sha512-jl1vZzPDinLr9eUt3J/t7V6FgNEw9QjvBPdysz9KfQDD41fQrC2Y4vKQdiaUpFT4bXlb1RHhLpp8wtm6M5TgSw==",
      "dev": true,
      "bin": {
        "tsc": "bin/tsc",
        "tsserver": "bin/tsserver"
      },
      "engines": {
        "node": ">=14.17"
      }
    },
    "shared": {
      "name": "@ai-video-fact-check/shared",
      "version": "0.0.1",
      "devDependencies": {
        "typescript": "^5.8.0"
      }
    }
  }
}
